// !$*UTF8*$!
{
	archiveVersion = 1;
	classes = {
	};
	objectVersion = 46;
	objects = {

/* Begin PBXBuildFile section */
		5BCC023D1E27AC7F00C041FE /* AppDelegate.swift in Sources */ = {isa = PBXBuildFile; fileRef = 5BCC023C1E27AC7F00C041FE /* AppDelegate.swift */; };
		5BCC023F1E27AC7F00C041FE /* MainViewController.swift in Sources */ = {isa = PBXBuildFile; fileRef = 5BCC023E1E27AC7F00C041FE /* MainViewController.swift */; };
		5BCC02421E27AC7F00C041FE /* Main.storyboard in Resources */ = {isa = PBXBuildFile; fileRef = 5BCC02401E27AC7F00C041FE /* Main.storyboard */; };
		5BCC02441E27AC7F00C041FE /* Assets.xcassets in Resources */ = {isa = PBXBuildFile; fileRef = 5BCC02431E27AC7F00C041FE /* Assets.xcassets */; };
		5BCC02471E27AC7F00C041FE /* LaunchScreen.storyboard in Resources */ = {isa = PBXBuildFile; fileRef = 5BCC02451E27AC7F00C041FE /* LaunchScreen.storyboard */; };
		5BCC02521E27AC7F00C041FE /* InEventRxTests.swift in Sources */ = {isa = PBXBuildFile; fileRef = 5BCC02511E27AC7F00C041FE /* InEventRxTests.swift */; };
		5BCC025D1E27AC7F00C041FE /* InEventRxUITests.swift in Sources */ = {isa = PBXBuildFile; fileRef = 5BCC025C1E27AC7F00C041FE /* InEventRxUITests.swift */; };
		5BCC027D1E27AE8000C041FE /* Pessoa.swift in Sources */ = {isa = PBXBuildFile; fileRef = 5BCC027C1E27AE8000C041FE /* Pessoa.swift */; };
		5BCC027F1E27AE8800C041FE /* Evento.swift in Sources */ = {isa = PBXBuildFile; fileRef = 5BCC027E1E27AE8800C041FE /* Evento.swift */; };
		5BCC02821E27BD5B00C041FE /* InEventAPI.swift in Sources */ = {isa = PBXBuildFile; fileRef = 5BCC02811E27BD5B00C041FE /* InEventAPI.swift */; };
		5BCC028D1E27DD4C00C041FE /* InEventProvider.swift in Sources */ = {isa = PBXBuildFile; fileRef = 5BCC028C1E27DD4C00C041FE /* InEventProvider.swift */; };
		5BCC02951E27EE5F00C041FE /* Alamofire.framework in Frameworks */ = {isa = PBXBuildFile; fileRef = 5BCC028E1E27EE5F00C041FE /* Alamofire.framework */; };
		5BCC02961E27EE5F00C041FE /* Alamofire.framework in Embed Frameworks */ = {isa = PBXBuildFile; fileRef = 5BCC028E1E27EE5F00C041FE /* Alamofire.framework */; settings = {ATTRIBUTES = (CodeSignOnCopy, RemoveHeadersOnCopy, ); }; };
		5BCC02971E27EE5F00C041FE /* Moya.framework in Frameworks */ = {isa = PBXBuildFile; fileRef = 5BCC028F1E27EE5F00C041FE /* Moya.framework */; };
		5BCC02981E27EE5F00C041FE /* Moya.framework in Embed Frameworks */ = {isa = PBXBuildFile; fileRef = 5BCC028F1E27EE5F00C041FE /* Moya.framework */; settings = {ATTRIBUTES = (CodeSignOnCopy, RemoveHeadersOnCopy, ); }; };
		5BCC02991E27EE5F00C041FE /* Result.framework in Frameworks */ = {isa = PBXBuildFile; fileRef = 5BCC02901E27EE5F00C041FE /* Result.framework */; };
		5BCC029A1E27EE5F00C041FE /* Result.framework in Embed Frameworks */ = {isa = PBXBuildFile; fileRef = 5BCC02901E27EE5F00C041FE /* Result.framework */; settings = {ATTRIBUTES = (CodeSignOnCopy, RemoveHeadersOnCopy, ); }; };
		5BCC029B1E27EE5F00C041FE /* RxBlocking.framework in Frameworks */ = {isa = PBXBuildFile; fileRef = 5BCC02911E27EE5F00C041FE /* RxBlocking.framework */; };
		5BCC029C1E27EE5F00C041FE /* RxBlocking.framework in Embed Frameworks */ = {isa = PBXBuildFile; fileRef = 5BCC02911E27EE5F00C041FE /* RxBlocking.framework */; settings = {ATTRIBUTES = (CodeSignOnCopy, RemoveHeadersOnCopy, ); }; };
		5BCC029D1E27EE5F00C041FE /* RxCocoa.framework in Frameworks */ = {isa = PBXBuildFile; fileRef = 5BCC02921E27EE5F00C041FE /* RxCocoa.framework */; };
		5BCC029E1E27EE5F00C041FE /* RxCocoa.framework in Embed Frameworks */ = {isa = PBXBuildFile; fileRef = 5BCC02921E27EE5F00C041FE /* RxCocoa.framework */; settings = {ATTRIBUTES = (CodeSignOnCopy, RemoveHeadersOnCopy, ); }; };
		5BCC029F1E27EE5F00C041FE /* RxMoya.framework in Frameworks */ = {isa = PBXBuildFile; fileRef = 5BCC02931E27EE5F00C041FE /* RxMoya.framework */; };
		5BCC02A01E27EE5F00C041FE /* RxMoya.framework in Embed Frameworks */ = {isa = PBXBuildFile; fileRef = 5BCC02931E27EE5F00C041FE /* RxMoya.framework */; settings = {ATTRIBUTES = (CodeSignOnCopy, RemoveHeadersOnCopy, ); }; };
		5BCC02A11E27EE5F00C041FE /* RxSwift.framework in Frameworks */ = {isa = PBXBuildFile; fileRef = 5BCC02941E27EE5F00C041FE /* RxSwift.framework */; };
		5BCC02A21E27EE5F00C041FE /* RxSwift.framework in Embed Frameworks */ = {isa = PBXBuildFile; fileRef = 5BCC02941E27EE5F00C041FE /* RxSwift.framework */; settings = {ATTRIBUTES = (CodeSignOnCopy, RemoveHeadersOnCopy, ); }; };
/* End PBXBuildFile section */

/* Begin PBXContainerItemProxy section */
		5BCC024E1E27AC7F00C041FE /* PBXContainerItemProxy */ = {
			isa = PBXContainerItemProxy;
			containerPortal = 5BCC02311E27AC7F00C041FE /* Project object */;
			proxyType = 1;
			remoteGlobalIDString = 5BCC02381E27AC7F00C041FE;
			remoteInfo = InEventRx;
		};
		5BCC02591E27AC7F00C041FE /* PBXContainerItemProxy */ = {
			isa = PBXContainerItemProxy;
			containerPortal = 5BCC02311E27AC7F00C041FE /* Project object */;
			proxyType = 1;
			remoteGlobalIDString = 5BCC02381E27AC7F00C041FE;
			remoteInfo = InEventRx;
		};
/* End PBXContainerItemProxy section */

/* Begin PBXCopyFilesBuildPhase section */
		5BCC02A31E27EE5F00C041FE /* Embed Frameworks */ = {
			isa = PBXCopyFilesBuildPhase;
			buildActionMask = 2147483647;
			dstPath = "";
			dstSubfolderSpec = 10;
			files = (
				5BCC029A1E27EE5F00C041FE /* Result.framework in Embed Frameworks */,
				5BCC02981E27EE5F00C041FE /* Moya.framework in Embed Frameworks */,
				5BCC02A21E27EE5F00C041FE /* RxSwift.framework in Embed Frameworks */,
				5BCC02A01E27EE5F00C041FE /* RxMoya.framework in Embed Frameworks */,
				5BCC02961E27EE5F00C041FE /* Alamofire.framework in Embed Frameworks */,
				5BCC029E1E27EE5F00C041FE /* RxCocoa.framework in Embed Frameworks */,
				5BCC029C1E27EE5F00C041FE /* RxBlocking.framework in Embed Frameworks */,
			);
			name = "Embed Frameworks";
			runOnlyForDeploymentPostprocessing = 0;
		};
/* End PBXCopyFilesBuildPhase section */

/* Begin PBXFileReference section */
		5BCC02391E27AC7F00C041FE /* InEventRx.app */ = {isa = PBXFileReference; explicitFileType = wrapper.application; includeInIndex = 0; path = InEventRx.app; sourceTree = BUILT_PRODUCTS_DIR; };
		5BCC023C1E27AC7F00C041FE /* AppDelegate.swift */ = {isa = PBXFileReference; lastKnownFileType = sourcecode.swift; path = AppDelegate.swift; sourceTree = "<group>"; };
		5BCC023E1E27AC7F00C041FE /* MainViewController.swift */ = {isa = PBXFileReference; lastKnownFileType = sourcecode.swift; path = MainViewController.swift; sourceTree = "<group>"; };
		5BCC02411E27AC7F00C041FE /* Base */ = {isa = PBXFileReference; lastKnownFileType = file.storyboard; name = Base; path = Base.lproj/Main.storyboard; sourceTree = "<group>"; };
		5BCC02431E27AC7F00C041FE /* Assets.xcassets */ = {isa = PBXFileReference; lastKnownFileType = folder.assetcatalog; path = Assets.xcassets; sourceTree = "<group>"; };
		5BCC02461E27AC7F00C041FE /* Base */ = {isa = PBXFileReference; lastKnownFileType = file.storyboard; name = Base; path = Base.lproj/LaunchScreen.storyboard; sourceTree = "<group>"; };
		5BCC02481E27AC7F00C041FE /* Info.plist */ = {isa = PBXFileReference; lastKnownFileType = text.plist.xml; path = Info.plist; sourceTree = "<group>"; };
		5BCC024D1E27AC7F00C041FE /* InEventRxTests.xctest */ = {isa = PBXFileReference; explicitFileType = wrapper.cfbundle; includeInIndex = 0; path = InEventRxTests.xctest; sourceTree = BUILT_PRODUCTS_DIR; };
		5BCC02511E27AC7F00C041FE /* InEventRxTests.swift */ = {isa = PBXFileReference; lastKnownFileType = sourcecode.swift; path = InEventRxTests.swift; sourceTree = "<group>"; };
		5BCC02531E27AC7F00C041FE /* Info.plist */ = {isa = PBXFileReference; lastKnownFileType = text.plist.xml; path = Info.plist; sourceTree = "<group>"; };
		5BCC02581E27AC7F00C041FE /* InEventRxUITests.xctest */ = {isa = PBXFileReference; explicitFileType = wrapper.cfbundle; includeInIndex = 0; path = InEventRxUITests.xctest; sourceTree = BUILT_PRODUCTS_DIR; };
		5BCC025C1E27AC7F00C041FE /* InEventRxUITests.swift */ = {isa = PBXFileReference; lastKnownFileType = sourcecode.swift; path = InEventRxUITests.swift; sourceTree = "<group>"; };
		5BCC025E1E27AC7F00C041FE /* Info.plist */ = {isa = PBXFileReference; lastKnownFileType = text.plist.xml; path = Info.plist; sourceTree = "<group>"; };
		5BCC026A1E27AE1400C041FE /* Alamofire.framework */ = {isa = PBXFileReference; lastKnownFileType = wrapper.framework; name = Alamofire.framework; path = Carthage/Build/iOS/Alamofire.framework; sourceTree = "<group>"; };
		5BCC026B1E27AE1400C041FE /* RxBlocking.framework */ = {isa = PBXFileReference; lastKnownFileType = wrapper.framework; name = RxBlocking.framework; path = Carthage/Build/iOS/RxBlocking.framework; sourceTree = "<group>"; };
		5BCC026C1E27AE1400C041FE /* RxCocoa.framework */ = {isa = PBXFileReference; lastKnownFileType = wrapper.framework; name = RxCocoa.framework; path = Carthage/Build/iOS/RxCocoa.framework; sourceTree = "<group>"; };
		5BCC026D1E27AE1400C041FE /* RxSwift.framework */ = {isa = PBXFileReference; lastKnownFileType = wrapper.framework; name = RxSwift.framework; path = Carthage/Build/iOS/RxSwift.framework; sourceTree = "<group>"; };
		5BCC026E1E27AE1400C041FE /* RxTest.framework */ = {isa = PBXFileReference; lastKnownFileType = wrapper.framework; name = RxTest.framework; path = Carthage/Build/iOS/RxTest.framework; sourceTree = "<group>"; };
		5BCC027C1E27AE8000C041FE /* Pessoa.swift */ = {isa = PBXFileReference; fileEncoding = 4; lastKnownFileType = sourcecode.swift; path = Pessoa.swift; sourceTree = "<group>"; };
		5BCC027E1E27AE8800C041FE /* Evento.swift */ = {isa = PBXFileReference; fileEncoding = 4; lastKnownFileType = sourcecode.swift; path = Evento.swift; sourceTree = "<group>"; };
		5BCC02811E27BD5B00C041FE /* InEventAPI.swift */ = {isa = PBXFileReference; fileEncoding = 4; lastKnownFileType = sourcecode.swift; path = InEventAPI.swift; sourceTree = "<group>"; };
		5BCC02831E27C28200C041FE /* Moya.framework */ = {isa = PBXFileReference; lastKnownFileType = wrapper.framework; name = Moya.framework; path = Carthage/Build/iOS/Moya.framework; sourceTree = "<group>"; };
		5BCC02841E27C28200C041FE /* Result.framework */ = {isa = PBXFileReference; lastKnownFileType = wrapper.framework; name = Result.framework; path = Carthage/Build/iOS/Result.framework; sourceTree = "<group>"; };
		5BCC02851E27C28200C041FE /* RxMoya.framework */ = {isa = PBXFileReference; lastKnownFileType = wrapper.framework; name = RxMoya.framework; path = Carthage/Build/iOS/RxMoya.framework; sourceTree = "<group>"; };
		5BCC028C1E27DD4C00C041FE /* InEventProvider.swift */ = {isa = PBXFileReference; fileEncoding = 4; lastKnownFileType = sourcecode.swift; path = InEventProvider.swift; sourceTree = "<group>"; };
		5BCC028E1E27EE5F00C041FE /* Alamofire.framework */ = {isa = PBXFileReference; lastKnownFileType = wrapper.framework; name = Alamofire.framework; path = Carthage/Build/iOS/Alamofire.framework; sourceTree = "<group>"; };
		5BCC028F1E27EE5F00C041FE /* Moya.framework */ = {isa = PBXFileReference; lastKnownFileType = wrapper.framework; name = Moya.framework; path = Carthage/Build/iOS/Moya.framework; sourceTree = "<group>"; };
		5BCC02901E27EE5F00C041FE /* Result.framework */ = {isa = PBXFileReference; lastKnownFileType = wrapper.framework; name = Result.framework; path = Carthage/Build/iOS/Result.framework; sourceTree = "<group>"; };
		5BCC02911E27EE5F00C041FE /* RxBlocking.framework */ = {isa = PBXFileReference; lastKnownFileType = wrapper.framework; name = RxBlocking.framework; path = Carthage/Build/iOS/RxBlocking.framework; sourceTree = "<group>"; };
		5BCC02921E27EE5F00C041FE /* RxCocoa.framework */ = {isa = PBXFileReference; lastKnownFileType = wrapper.framework; name = RxCocoa.framework; path = Carthage/Build/iOS/RxCocoa.framework; sourceTree = "<group>"; };
		5BCC02931E27EE5F00C041FE /* RxMoya.framework */ = {isa = PBXFileReference; lastKnownFileType = wrapper.framework; name = RxMoya.framework; path = Carthage/Build/iOS/RxMoya.framework; sourceTree = "<group>"; };
		5BCC02941E27EE5F00C041FE /* RxSwift.framework */ = {isa = PBXFileReference; lastKnownFileType = wrapper.framework; name = RxSwift.framework; path = Carthage/Build/iOS/RxSwift.framework; sourceTree = "<group>"; };
/* End PBXFileReference section */

/* Begin PBXFrameworksBuildPhase section */
		5BCC02361E27AC7F00C041FE /* Frameworks */ = {
			isa = PBXFrameworksBuildPhase;
			buildActionMask = 2147483647;
			files = (
				5BCC02991E27EE5F00C041FE /* Result.framework in Frameworks */,
				5BCC02971E27EE5F00C041FE /* Moya.framework in Frameworks */,
				5BCC02A11E27EE5F00C041FE /* RxSwift.framework in Frameworks */,
				5BCC029F1E27EE5F00C041FE /* RxMoya.framework in Frameworks */,
				5BCC02951E27EE5F00C041FE /* Alamofire.framework in Frameworks */,
				5BCC029D1E27EE5F00C041FE /* RxCocoa.framework in Frameworks */,
				5BCC029B1E27EE5F00C041FE /* RxBlocking.framework in Frameworks */,
			);
			runOnlyForDeploymentPostprocessing = 0;
		};
		5BCC024A1E27AC7F00C041FE /* Frameworks */ = {
			isa = PBXFrameworksBuildPhase;
			buildActionMask = 2147483647;
			files = (
			);
			runOnlyForDeploymentPostprocessing = 0;
		};
		5BCC02551E27AC7F00C041FE /* Frameworks */ = {
			isa = PBXFrameworksBuildPhase;
			buildActionMask = 2147483647;
			files = (
			);
			runOnlyForDeploymentPostprocessing = 0;
		};
/* End PBXFrameworksBuildPhase section */

/* Begin PBXGroup section */
		5BCC02301E27AC7F00C041FE = {
			isa = PBXGroup;
			children = (
				5BCC02A41E2824D000C041FE /* Frameworks */,
				5BCC023B1E27AC7F00C041FE /* InEventRx */,
				5BCC02501E27AC7F00C041FE /* InEventRxTests */,
				5BCC025B1E27AC7F00C041FE /* InEventRxUITests */,
				5BCC023A1E27AC7F00C041FE /* Products */,
			);
			sourceTree = "<group>";
		};
		5BCC023A1E27AC7F00C041FE /* Products */ = {
			isa = PBXGroup;
			children = (
				5BCC02391E27AC7F00C041FE /* InEventRx.app */,
				5BCC024D1E27AC7F00C041FE /* InEventRxTests.xctest */,
				5BCC02581E27AC7F00C041FE /* InEventRxUITests.xctest */,
			);
			name = Products;
			sourceTree = "<group>";
		};
		5BCC023B1E27AC7F00C041FE /* InEventRx */ = {
			isa = PBXGroup;
			children = (
				5BCC02801E27B2D800C041FE /* REST */,
				5BCC027A1E27AE2900C041FE /* Model */,
				5BCC023C1E27AC7F00C041FE /* AppDelegate.swift */,
				5BCC023E1E27AC7F00C041FE /* MainViewController.swift */,
				5BCC02401E27AC7F00C041FE /* Main.storyboard */,
				5BCC02431E27AC7F00C041FE /* Assets.xcassets */,
				5BCC02451E27AC7F00C041FE /* LaunchScreen.storyboard */,
				5BCC02481E27AC7F00C041FE /* Info.plist */,
			);
			path = InEventRx;
			sourceTree = "<group>";
		};
		5BCC02501E27AC7F00C041FE /* InEventRxTests */ = {
			isa = PBXGroup;
			children = (
				5BCC02511E27AC7F00C041FE /* InEventRxTests.swift */,
				5BCC02531E27AC7F00C041FE /* Info.plist */,
			);
			path = InEventRxTests;
			sourceTree = "<group>";
		};
		5BCC025B1E27AC7F00C041FE /* InEventRxUITests */ = {
			isa = PBXGroup;
			children = (
				5BCC025C1E27AC7F00C041FE /* InEventRxUITests.swift */,
				5BCC025E1E27AC7F00C041FE /* Info.plist */,
			);
			path = InEventRxUITests;
			sourceTree = "<group>";
		};
		5BCC027A1E27AE2900C041FE /* Model */ = {
			isa = PBXGroup;
			children = (
				5BCC027C1E27AE8000C041FE /* Pessoa.swift */,
				5BCC027E1E27AE8800C041FE /* Evento.swift */,
			);
			name = Model;
			sourceTree = "<group>";
		};
		5BCC02801E27B2D800C041FE /* REST */ = {
			isa = PBXGroup;
			children = (
				5BCC02811E27BD5B00C041FE /* InEventAPI.swift */,
				5BCC028C1E27DD4C00C041FE /* InEventProvider.swift */,
			);
			name = REST;
			sourceTree = "<group>";
		};
		5BCC02A41E2824D000C041FE /* Frameworks */ = {
			isa = PBXGroup;
			children = (
				5BCC028E1E27EE5F00C041FE /* Alamofire.framework */,
				5BCC028F1E27EE5F00C041FE /* Moya.framework */,
				5BCC02901E27EE5F00C041FE /* Result.framework */,
				5BCC02911E27EE5F00C041FE /* RxBlocking.framework */,
				5BCC02921E27EE5F00C041FE /* RxCocoa.framework */,
				5BCC02931E27EE5F00C041FE /* RxMoya.framework */,
				5BCC02941E27EE5F00C041FE /* RxSwift.framework */,
				5BCC02831E27C28200C041FE /* Moya.framework */,
				5BCC02841E27C28200C041FE /* Result.framework */,
				5BCC02851E27C28200C041FE /* RxMoya.framework */,
				5BCC026A1E27AE1400C041FE /* Alamofire.framework */,
				5BCC026B1E27AE1400C041FE /* RxBlocking.framework */,
				5BCC026C1E27AE1400C041FE /* RxCocoa.framework */,
				5BCC026D1E27AE1400C041FE /* RxSwift.framework */,
				5BCC026E1E27AE1400C041FE /* RxTest.framework */,
			);
			name = Frameworks;
			sourceTree = "<group>";
		};
/* End PBXGroup section */

/* Begin PBXNativeTarget section */
		5BCC02381E27AC7F00C041FE /* InEventRx */ = {
			isa = PBXNativeTarget;
			buildConfigurationList = 5BCC02611E27AC7F00C041FE /* Build configuration list for PBXNativeTarget "InEventRx" */;
			buildPhases = (
				5BCC02351E27AC7F00C041FE /* Sources */,
				5BCC02361E27AC7F00C041FE /* Frameworks */,
				5BCC02371E27AC7F00C041FE /* Resources */,
				5BCC02A31E27EE5F00C041FE /* Embed Frameworks */,
			);
			buildRules = (
			);
			dependencies = (
			);
			name = InEventRx;
			productName = InEventRx;
			productReference = 5BCC02391E27AC7F00C041FE /* InEventRx.app */;
			productType = "com.apple.product-type.application";
		};
		5BCC024C1E27AC7F00C041FE /* InEventRxTests */ = {
			isa = PBXNativeTarget;
			buildConfigurationList = 5BCC02641E27AC7F00C041FE /* Build configuration list for PBXNativeTarget "InEventRxTests" */;
			buildPhases = (
				5BCC02491E27AC7F00C041FE /* Sources */,
				5BCC024A1E27AC7F00C041FE /* Frameworks */,
				5BCC024B1E27AC7F00C041FE /* Resources */,
			);
			buildRules = (
			);
			dependencies = (
				5BCC024F1E27AC7F00C041FE /* PBXTargetDependency */,
			);
			name = InEventRxTests;
			productName = InEventRxTests;
			productReference = 5BCC024D1E27AC7F00C041FE /* InEventRxTests.xctest */;
			productType = "com.apple.product-type.bundle.unit-test";
		};
		5BCC02571E27AC7F00C041FE /* InEventRxUITests */ = {
			isa = PBXNativeTarget;
			buildConfigurationList = 5BCC02671E27AC7F00C041FE /* Build configuration list for PBXNativeTarget "InEventRxUITests" */;
			buildPhases = (
				5BCC02541E27AC7F00C041FE /* Sources */,
				5BCC02551E27AC7F00C041FE /* Frameworks */,
				5BCC02561E27AC7F00C041FE /* Resources */,
			);
			buildRules = (
			);
			dependencies = (
				5BCC025A1E27AC7F00C041FE /* PBXTargetDependency */,
			);
			name = InEventRxUITests;
			productName = InEventRxUITests;
			productReference = 5BCC02581E27AC7F00C041FE /* InEventRxUITests.xctest */;
			productType = "com.apple.product-type.bundle.ui-testing";
		};
/* End PBXNativeTarget section */

/* Begin PBXProject section */
		5BCC02311E27AC7F00C041FE /* Project object */ = {
			isa = PBXProject;
			attributes = {
				LastSwiftUpdateCheck = 0810;
				LastUpgradeCheck = 0810;
				ORGANIZATIONNAME = "José Eduardo Vieira Morango";
				TargetAttributes = {
					5BCC02381E27AC7F00C041FE = {
						CreatedOnToolsVersion = 8.1;
						DevelopmentTeam = 89W7776J34;
						ProvisioningStyle = Automatic;
					};
					5BCC024C1E27AC7F00C041FE = {
						CreatedOnToolsVersion = 8.1;
						DevelopmentTeam = 89W7776J34;
						ProvisioningStyle = Automatic;
						TestTargetID = 5BCC02381E27AC7F00C041FE;
					};
					5BCC02571E27AC7F00C041FE = {
						CreatedOnToolsVersion = 8.1;
						DevelopmentTeam = 89W7776J34;
						ProvisioningStyle = Automatic;
						TestTargetID = 5BCC02381E27AC7F00C041FE;
					};
				};
			};
			buildConfigurationList = 5BCC02341E27AC7F00C041FE /* Build configuration list for PBXProject "InEventRx" */;
			compatibilityVersion = "Xcode 3.2";
			developmentRegion = English;
			hasScannedForEncodings = 0;
			knownRegions = (
				en,
				Base,
			);
			mainGroup = 5BCC02301E27AC7F00C041FE;
			productRefGroup = 5BCC023A1E27AC7F00C041FE /* Products */;
			projectDirPath = "";
			projectRoot = "";
			targets = (
				5BCC02381E27AC7F00C041FE /* InEventRx */,
				5BCC024C1E27AC7F00C041FE /* InEventRxTests */,
				5BCC02571E27AC7F00C041FE /* InEventRxUITests */,
			);
		};
/* End PBXProject section */

/* Begin PBXResourcesBuildPhase section */
		5BCC02371E27AC7F00C041FE /* Resources */ = {
			isa = PBXResourcesBuildPhase;
			buildActionMask = 2147483647;
			files = (
				5BCC02471E27AC7F00C041FE /* LaunchScreen.storyboard in Resources */,
				5BCC02441E27AC7F00C041FE /* Assets.xcassets in Resources */,
				5BCC02421E27AC7F00C041FE /* Main.storyboard in Resources */,
			);
			runOnlyForDeploymentPostprocessing = 0;
		};
		5BCC024B1E27AC7F00C041FE /* Resources */ = {
			isa = PBXResourcesBuildPhase;
			buildActionMask = 2147483647;
			files = (
			);
			runOnlyForDeploymentPostprocessing = 0;
		};
		5BCC02561E27AC7F00C041FE /* Resources */ = {
			isa = PBXResourcesBuildPhase;
			buildActionMask = 2147483647;
			files = (
			);
			runOnlyForDeploymentPostprocessing = 0;
		};
/* End PBXResourcesBuildPhase section */

/* Begin PBXSourcesBuildPhase section */
		5BCC02351E27AC7F00C041FE /* Sources */ = {
			isa = PBXSourcesBuildPhase;
			buildActionMask = 2147483647;
			files = (
				5BCC02821E27BD5B00C041FE /* InEventAPI.swift in Sources */,
				5BCC027F1E27AE8800C041FE /* Evento.swift in Sources */,
				5BCC023F1E27AC7F00C041FE /* MainViewController.swift in Sources */,
				5BCC027D1E27AE8000C041FE /* Pessoa.swift in Sources */,
				5BCC028D1E27DD4C00C041FE /* InEventProvider.swift in Sources */,
				5BCC023D1E27AC7F00C041FE /* AppDelegate.swift in Sources */,
			);
			runOnlyForDeploymentPostprocessing = 0;
		};
		5BCC02491E27AC7F00C041FE /* Sources */ = {
			isa = PBXSourcesBuildPhase;
			buildActionMask = 2147483647;
			files = (
				5BCC02521E27AC7F00C041FE /* InEventRxTests.swift in Sources */,
			);
			runOnlyForDeploymentPostprocessing = 0;
		};
		5BCC02541E27AC7F00C041FE /* Sources */ = {
			isa = PBXSourcesBuildPhase;
			buildActionMask = 2147483647;
			files = (
				5BCC025D1E27AC7F00C041FE /* InEventRxUITests.swift in Sources */,
			);
			runOnlyForDeploymentPostprocessing = 0;
		};
/* End PBXSourcesBuildPhase section */

/* Begin PBXTargetDependency section */
		5BCC024F1E27AC7F00C041FE /* PBXTargetDependency */ = {
			isa = PBXTargetDependency;
			target = 5BCC02381E27AC7F00C041FE /* InEventRx */;
			targetProxy = 5BCC024E1E27AC7F00C041FE /* PBXContainerItemProxy */;
		};
		5BCC025A1E27AC7F00C041FE /* PBXTargetDependency */ = {
			isa = PBXTargetDependency;
			target = 5BCC02381E27AC7F00C041FE /* InEventRx */;
			targetProxy = 5BCC02591E27AC7F00C041FE /* PBXContainerItemProxy */;
		};
/* End PBXTargetDependency section */

/* Begin PBXVariantGroup section */
		5BCC02401E27AC7F00C041FE /* Main.storyboard */ = {
			isa = PBXVariantGroup;
			children = (
				5BCC02411E27AC7F00C041FE /* Base */,
			);
			name = Main.storyboard;
			sourceTree = "<group>";
		};
		5BCC02451E27AC7F00C041FE /* LaunchScreen.storyboard */ = {
			isa = PBXVariantGroup;
			children = (
				5BCC02461E27AC7F00C041FE /* Base */,
			);
			name = LaunchScreen.storyboard;
			sourceTree = "<group>";
		};
/* End PBXVariantGroup section */

/* Begin XCBuildConfiguration section */
		5BCC025F1E27AC7F00C041FE /* Debug */ = {
			isa = XCBuildConfiguration;
			buildSettings = {
				ALWAYS_SEARCH_USER_PATHS = NO;
				CLANG_ANALYZER_NONNULL = YES;
				CLANG_CXX_LANGUAGE_STANDARD = "gnu++0x";
				CLANG_CXX_LIBRARY = "libc++";
				CLANG_ENABLE_MODULES = YES;
				CLANG_ENABLE_OBJC_ARC = YES;
				CLANG_WARN_BOOL_CONVERSION = YES;
				CLANG_WARN_CONSTANT_CONVERSION = YES;
				CLANG_WARN_DIRECT_OBJC_ISA_USAGE = YES_ERROR;
				CLANG_WARN_DOCUMENTATION_COMMENTS = YES;
				CLANG_WARN_EMPTY_BODY = YES;
				CLANG_WARN_ENUM_CONVERSION = YES;
				CLANG_WARN_INFINITE_RECURSION = YES;
				CLANG_WARN_INT_CONVERSION = YES;
				CLANG_WARN_OBJC_ROOT_CLASS = YES_ERROR;
				CLANG_WARN_SUSPICIOUS_MOVES = YES;
				CLANG_WARN_UNREACHABLE_CODE = YES;
				CLANG_WARN__DUPLICATE_METHOD_MATCH = YES;
				"CODE_SIGN_IDENTITY[sdk=iphoneos*]" = "iPhone Developer";
				COPY_PHASE_STRIP = NO;
				DEBUG_INFORMATION_FORMAT = dwarf;
				ENABLE_STRICT_OBJC_MSGSEND = YES;
				ENABLE_TESTABILITY = YES;
				GCC_C_LANGUAGE_STANDARD = gnu99;
				GCC_DYNAMIC_NO_PIC = NO;
				GCC_NO_COMMON_BLOCKS = YES;
				GCC_OPTIMIZATION_LEVEL = 0;
				GCC_PREPROCESSOR_DEFINITIONS = (
					"DEBUG=1",
					"$(inherited)",
				);
				GCC_WARN_64_TO_32_BIT_CONVERSION = YES;
				GCC_WARN_ABOUT_RETURN_TYPE = YES_ERROR;
				GCC_WARN_UNDECLARED_SELECTOR = YES;
				GCC_WARN_UNINITIALIZED_AUTOS = YES_AGGRESSIVE;
				GCC_WARN_UNUSED_FUNCTION = YES;
				GCC_WARN_UNUSED_VARIABLE = YES;
				IPHONEOS_DEPLOYMENT_TARGET = 10.1;
				MTL_ENABLE_DEBUG_INFO = YES;
				ONLY_ACTIVE_ARCH = YES;
				SDKROOT = iphoneos;
				SWIFT_ACTIVE_COMPILATION_CONDITIONS = DEBUG;
				SWIFT_OPTIMIZATION_LEVEL = "-Onone";
				TARGETED_DEVICE_FAMILY = "1,2";
			};
			name = Debug;
		};
		5BCC02601E27AC7F00C041FE /* Release */ = {
			isa = XCBuildConfiguration;
			buildSettings = {
				ALWAYS_SEARCH_USER_PATHS = NO;
				CLANG_ANALYZER_NONNULL = YES;
				CLANG_CXX_LANGUAGE_STANDARD = "gnu++0x";
				CLANG_CXX_LIBRARY = "libc++";
				CLANG_ENABLE_MODULES = YES;
				CLANG_ENABLE_OBJC_ARC = YES;
				CLANG_WARN_BOOL_CONVERSION = YES;
				CLANG_WARN_CONSTANT_CONVERSION = YES;
				CLANG_WARN_DIRECT_OBJC_ISA_USAGE = YES_ERROR;
				CLANG_WARN_DOCUMENTATION_COMMENTS = YES;
				CLANG_WARN_EMPTY_BODY = YES;
				CLANG_WARN_ENUM_CONVERSION = YES;
				CLANG_WARN_INFINITE_RECURSION = YES;
				CLANG_WARN_INT_CONVERSION = YES;
				CLANG_WARN_OBJC_ROOT_CLASS = YES_ERROR;
				CLANG_WARN_SUSPICIOUS_MOVES = YES;
				CLANG_WARN_UNREACHABLE_CODE = YES;
				CLANG_WARN__DUPLICATE_METHOD_MATCH = YES;
				"CODE_SIGN_IDENTITY[sdk=iphoneos*]" = "iPhone Developer";
				COPY_PHASE_STRIP = NO;
				DEBUG_INFORMATION_FORMAT = "dwarf-with-dsym";
				ENABLE_NS_ASSERTIONS = NO;
				ENABLE_STRICT_OBJC_MSGSEND = YES;
				GCC_C_LANGUAGE_STANDARD = gnu99;
				GCC_NO_COMMON_BLOCKS = YES;
				GCC_WARN_64_TO_32_BIT_CONVERSION = YES;
				GCC_WARN_ABOUT_RETURN_TYPE = YES_ERROR;
				GCC_WARN_UNDECLARED_SELECTOR = YES;
				GCC_WARN_UNINITIALIZED_AUTOS = YES_AGGRESSIVE;
				GCC_WARN_UNUSED_FUNCTION = YES;
				GCC_WARN_UNUSED_VARIABLE = YES;
				IPHONEOS_DEPLOYMENT_TARGET = 10.1;
				MTL_ENABLE_DEBUG_INFO = NO;
				SDKROOT = iphoneos;
				SWIFT_OPTIMIZATION_LEVEL = "-Owholemodule";
				TARGETED_DEVICE_FAMILY = "1,2";
				VALIDATE_PRODUCT = YES;
			};
			name = Release;
		};
		5BCC02621E27AC7F00C041FE /* Debug */ = {
			isa = XCBuildConfiguration;
			buildSettings = {
				ASSETCATALOG_COMPILER_APPICON_NAME = AppIcon;
				DEVELOPMENT_TEAM = 89W7776J34;
				FRAMEWORK_SEARCH_PATHS = (
					"$(inherited)",
					"$(PROJECT_DIR)/Carthage/Build/iOS",
				);
				INFOPLIST_FILE = InEventRx/Info.plist;
				LD_RUNPATH_SEARCH_PATHS = "$(inherited) @executable_path/Frameworks";
				PRODUCT_BUNDLE_IDENTIFIER = com.edvmorango.InEventRx;
				PRODUCT_NAME = "$(TARGET_NAME)";
				SWIFT_VERSION = 3.0;
			};
			name = Debug;
		};
		5BCC02631E27AC7F00C041FE /* Release */ = {
			isa = XCBuildConfiguration;
			buildSettings = {
				ASSETCATALOG_COMPILER_APPICON_NAME = AppIcon;
				DEVELOPMENT_TEAM = 89W7776J34;
				FRAMEWORK_SEARCH_PATHS = (
					"$(inherited)",
					"$(PROJECT_DIR)/Carthage/Build/iOS",
				);
				INFOPLIST_FILE = InEventRx/Info.plist;
				LD_RUNPATH_SEARCH_PATHS = "$(inherited) @executable_path/Frameworks";
				PRODUCT_BUNDLE_IDENTIFIER = com.edvmorango.InEventRx;
				PRODUCT_NAME = "$(TARGET_NAME)";
				SWIFT_VERSION = 3.0;
			};
			name = Release;
		};
		5BCC02651E27AC7F00C041FE /* Debug */ = {
			isa = XCBuildConfiguration;
			buildSettings = {
				ALWAYS_EMBED_SWIFT_STANDARD_LIBRARIES = YES;
				BUNDLE_LOADER = "$(TEST_HOST)";
				DEVELOPMENT_TEAM = 89W7776J34;
				INFOPLIST_FILE = InEventRxTests/Info.plist;
				LD_RUNPATH_SEARCH_PATHS = "$(inherited) @executable_path/Frameworks @loader_path/Frameworks";
				PRODUCT_BUNDLE_IDENTIFIER = com.edvmorango.InEventRxTests;
				PRODUCT_NAME = "$(TARGET_NAME)";
				SWIFT_VERSION = 3.0;
				TEST_HOST = "$(BUILT_PRODUCTS_DIR)/InEventRx.app/InEventRx";
			};
			name = Debug;
		};
		5BCC02661E27AC7F00C041FE /* Release */ = {
			isa = XCBuildConfiguration;
			buildSettings = {
				ALWAYS_EMBED_SWIFT_STANDARD_LIBRARIES = YES;
				BUNDLE_LOADER = "$(TEST_HOST)";
				DEVELOPMENT_TEAM = 89W7776J34;
				INFOPLIST_FILE = InEventRxTests/Info.plist;
				LD_RUNPATH_SEARCH_PATHS = "$(inherited) @executable_path/Frameworks @loader_path/Frameworks";
				PRODUCT_BUNDLE_IDENTIFIER = com.edvmorango.InEventRxTests;
				PRODUCT_NAME = "$(TARGET_NAME)";
				SWIFT_VERSION = 3.0;
				TEST_HOST = "$(BUILT_PRODUCTS_DIR)/InEventRx.app/InEventRx";
			};
			name = Release;
		};
		5BCC02681E27AC7F00C041FE /* Debug */ = {
			isa = XCBuildConfiguration;
			buildSettings = {
				ALWAYS_EMBED_SWIFT_STANDARD_LIBRARIES = YES;
				DEVELOPMENT_TEAM = 89W7776J34;
				INFOPLIST_FILE = InEventRxUITests/Info.plist;
				LD_RUNPATH_SEARCH_PATHS = "$(inherited) @executable_path/Frameworks @loader_path/Frameworks";
				PRODUCT_BUNDLE_IDENTIFIER = com.edvmorango.InEventRxUITests;
				PRODUCT_NAME = "$(TARGET_NAME)";
				SWIFT_VERSION = 3.0;
				TEST_TARGET_NAME = InEventRx;
			};
			name = Debug;
		};
		5BCC02691E27AC7F00C041FE /* Release */ = {
			isa = XCBuildConfiguration;
			buildSettings = {
				ALWAYS_EMBED_SWIFT_STANDARD_LIBRARIES = YES;
				DEVELOPMENT_TEAM = 89W7776J34;
				INFOPLIST_FILE = InEventRxUITests/Info.plist;
				LD_RUNPATH_SEARCH_PATHS = "$(inherited) @executable_path/Frameworks @loader_path/Frameworks";
				PRODUCT_BUNDLE_IDENTIFIER = com.edvmorango.InEventRxUITests;
				PRODUCT_NAME = "$(TARGET_NAME)";
				SWIFT_VERSION = 3.0;
				TEST_TARGET_NAME = InEventRx;
			};
			name = Release;
		};
/* End XCBuildConfiguration section */

/* Begin XCConfigurationList section */
		5BCC02341E27AC7F00C041FE /* Build configuration list for PBXProject "InEventRx" */ = {
			isa = XCConfigurationList;
			buildConfigurations = (
				5BCC025F1E27AC7F00C041FE /* Debug */,
				5BCC02601E27AC7F00C041FE /* Release */,
			);
			defaultConfigurationIsVisible = 0;
			defaultConfigurationName = Release;
		};
		5BCC02611E27AC7F00C041FE /* Build configuration list for PBXNativeTarget "InEventRx" */ = {
			isa = XCConfigurationList;
			buildConfigurations = (
				5BCC02621E27AC7F00C041FE /* Debug */,
				5BCC02631E27AC7F00C041FE /* Release */,
			);
			defaultConfigurationIsVisible = 0;
		};
		5BCC02641E27AC7F00C041FE /* Build configuration list for PBXNativeTarget "InEventRxTests" */ = {
			isa = XCConfigurationList;
			buildConfigurations = (
				5BCC02651E27AC7F00C041FE /* Debug */,
				5BCC02661E27AC7F00C041FE /* Release */,
			);
			defaultConfigurationIsVisible = 0;
		};
		5BCC02671E27AC7F00C041FE /* Build configuration list for PBXNativeTarget "InEventRxUITests" */ = {
			isa = XCConfigurationList;
			buildConfigurations = (
				5BCC02681E27AC7F00C041FE /* Debug */,
				5BCC02691E27AC7F00C041FE /* Release */,
			);
			defaultConfigurationIsVisible = 0;
		};
/* End XCConfigurationList section */
	};
	rootObject = 5BCC02311E27AC7F00C041FE /* Project object */;
}
